// !$*UTF8*$!
{
	archiveVersion = 1;
	classes = {
	};
	objectVersion = 77;
	objects = {

/* Begin PBXContainerItemProxy section */
		179341162D91874400CDBF18 /* PBXContainerItemProxy */ = {
			isa = PBXContainerItemProxy;
			containerPortal = 179340F82D91874300CDBF18 /* Project object */;
			proxyType = 1;
			remoteGlobalIDString = 179340FF2D91874300CDBF18;
			remoteInfo = PokerCardRecognizer;
		};
		179341202D91874400CDBF18 /* PBXContainerItemProxy */ = {
			isa = PBXContainerItemProxy;
			containerPortal = 179340F82D91874300CDBF18 /* Project object */;
			proxyType = 1;
			remoteGlobalIDString = 179340FF2D91874300CDBF18;
			remoteInfo = PokerCardRecognizer;
		};
/* End PBXContainerItemProxy section */

/* Begin PBXFileReference section */
		171F35912DA175CE00430DDF /* BilliardBatche+CoreDataClass.swift */ = {isa = PBXFileReference; lastKnownFileType = sourcecode.swift; name = "BilliardBatche+CoreDataClass.swift"; path = "PokerCardRecognizer/Models/CoreData/BilliardBatche+CoreDataClass.swift"; sourceTree = "<group>"; };
		171F35922DA175CE00430DDF /* BilliardBatche+CoreDataProperties.swift */ = {isa = PBXFileReference; lastKnownFileType = sourcecode.swift; name = "BilliardBatche+CoreDataProperties.swift"; path = "PokerCardRecognizer/Models/CoreData/BilliardBatche+CoreDataProperties.swift"; sourceTree = "<group>"; };
		171F35932DA175CE00430DDF /* Game+CoreDataClass.swift */ = {isa = PBXFileReference; lastKnownFileType = sourcecode.swift; name = "Game+CoreDataClass.swift"; path = "PokerCardRecognizer/Models/CoreData/Game+CoreDataClass.swift"; sourceTree = "<group>"; };
		171F35942DA175CE00430DDF /* Game+CoreDataProperties.swift */ = {isa = PBXFileReference; lastKnownFileType = sourcecode.swift; name = "Game+CoreDataProperties.swift"; path = "PokerCardRecognizer/Models/CoreData/Game+CoreDataProperties.swift"; sourceTree = "<group>"; };
		171F35952DA175CE00430DDF /* GameWithPlayer+CoreDataClass.swift */ = {isa = PBXFileReference; lastKnownFileType = sourcecode.swift; name = "GameWithPlayer+CoreDataClass.swift"; path = "PokerCardRecognizer/Models/CoreData/GameWithPlayer+CoreDataClass.swift"; sourceTree = "<group>"; };
		171F35962DA175CE00430DDF /* GameWithPlayer+CoreDataProperties.swift */ = {isa = PBXFileReference; lastKnownFileType = sourcecode.swift; name = "GameWithPlayer+CoreDataProperties.swift"; path = "PokerCardRecognizer/Models/CoreData/GameWithPlayer+CoreDataProperties.swift"; sourceTree = "<group>"; };
		171F35972DA175CE00430DDF /* Player+CoreDataClass.swift */ = {isa = PBXFileReference; lastKnownFileType = sourcecode.swift; name = "Player+CoreDataClass.swift"; path = "PokerCardRecognizer/Models/CoreData/Player+CoreDataClass.swift"; sourceTree = "<group>"; };
		171F35982DA175CE00430DDF /* Player+CoreDataProperties.swift */ = {isa = PBXFileReference; lastKnownFileType = sourcecode.swift; name = "Player+CoreDataProperties.swift"; path = "PokerCardRecognizer/Models/CoreData/Player+CoreDataProperties.swift"; sourceTree = "<group>"; };
		179341002D91874300CDBF18 /* PokerCardRecognizer.app */ = {isa = PBXFileReference; explicitFileType = wrapper.application; includeInIndex = 0; path = PokerCardRecognizer.app; sourceTree = BUILT_PRODUCTS_DIR; };
		179341152D91874400CDBF18 /* PokerCardRecognizerTests.xctest */ = {isa = PBXFileReference; explicitFileType = wrapper.cfbundle; includeInIndex = 0; path = PokerCardRecognizerTests.xctest; sourceTree = BUILT_PRODUCTS_DIR; };
		1793411F2D91874400CDBF18 /* PokerCardRecognizerUITests.xctest */ = {isa = PBXFileReference; explicitFileType = wrapper.cfbundle; includeInIndex = 0; path = PokerCardRecognizerUITests.xctest; sourceTree = BUILT_PRODUCTS_DIR; };
/* End PBXFileReference section */

/* Begin PBXFileSystemSynchronizedBuildFileExceptionSet section */
		171F35B12DA1768E00430DDF /* Exceptions for "PokerCardRecognizer" folder in "PokerCardRecognizer" target */ = {
			isa = PBXFileSystemSynchronizedBuildFileExceptionSet;
			membershipExceptions = (
				Camera/CIImage.swift,
				SupportingFiles/Info.plist,
			);
			target = 179340FF2D91874300CDBF18 /* PokerCardRecognizer */;
		};
/* End PBXFileSystemSynchronizedBuildFileExceptionSet section */

/* Begin PBXFileSystemSynchronizedGroupBuildPhaseMembershipExceptionSet section */
		171C27722DAFD93C00A611CE /* Exceptions for "PokerCardRecognizer" folder in "Copy Bundle Resources" phase from "PokerCardRecognizer" target */ = {
			isa = PBXFileSystemSynchronizedGroupBuildPhaseMembershipExceptionSet;
			buildPhase = 179340FE2D91874300CDBF18 /* Resources */;
			membershipExceptions = (
				Camera/CIImage.swift,
			);
		};
/* End PBXFileSystemSynchronizedGroupBuildPhaseMembershipExceptionSet section */

/* Begin PBXFileSystemSynchronizedRootGroup section */
		179341022D91874300CDBF18 /* PokerCardRecognizer */ = {
			isa = PBXFileSystemSynchronizedRootGroup;
			exceptions = (
				171F35B12DA1768E00430DDF /* Exceptions for "PokerCardRecognizer" folder in "PokerCardRecognizer" target */,
				171C27722DAFD93C00A611CE /* Exceptions for "PokerCardRecognizer" folder in "Copy Bundle Resources" phase from "PokerCardRecognizer" target */,
			);
			path = PokerCardRecognizer;
			sourceTree = "<group>";
		};
		179341182D91874400CDBF18 /* PokerCardRecognizerTests */ = {
			isa = PBXFileSystemSynchronizedRootGroup;
			path = PokerCardRecognizerTests;
			sourceTree = "<group>";
		};
		179341222D91874400CDBF18 /* PokerCardRecognizerUITests */ = {
			isa = PBXFileSystemSynchronizedRootGroup;
			path = PokerCardRecognizerUITests;
			sourceTree = "<group>";
		};
/* End PBXFileSystemSynchronizedRootGroup section */

/* Begin PBXFrameworksBuildPhase section */
		179340FD2D91874300CDBF18 /* Frameworks */ = {
			isa = PBXFrameworksBuildPhase;
			buildActionMask = 2147483647;
			files = (
			);
			runOnlyForDeploymentPostprocessing = 0;
		};
		179341122D91874400CDBF18 /* Frameworks */ = {
			isa = PBXFrameworksBuildPhase;
			buildActionMask = 2147483647;
			files = (
			);
			runOnlyForDeploymentPostprocessing = 0;
		};
		1793411C2D91874400CDBF18 /* Frameworks */ = {
			isa = PBXFrameworksBuildPhase;
			buildActionMask = 2147483647;
			files = (
			);
			runOnlyForDeploymentPostprocessing = 0;
		};
/* End PBXFrameworksBuildPhase section */

/* Begin PBXGroup section */
		179340F72D91874300CDBF18 = {
			isa = PBXGroup;
			children = (
				171F35912DA175CE00430DDF /* BilliardBatche+CoreDataClass.swift */,
				171F35922DA175CE00430DDF /* BilliardBatche+CoreDataProperties.swift */,
				171F35932DA175CE00430DDF /* Game+CoreDataClass.swift */,
				171F35942DA175CE00430DDF /* Game+CoreDataProperties.swift */,
				171F35952DA175CE00430DDF /* GameWithPlayer+CoreDataClass.swift */,
				171F35962DA175CE00430DDF /* GameWithPlayer+CoreDataProperties.swift */,
				171F35972DA175CE00430DDF /* Player+CoreDataClass.swift */,
				171F35982DA175CE00430DDF /* Player+CoreDataProperties.swift */,
				179341022D91874300CDBF18 /* PokerCardRecognizer */,
				179341182D91874400CDBF18 /* PokerCardRecognizerTests */,
				179341222D91874400CDBF18 /* PokerCardRecognizerUITests */,
				179341012D91874300CDBF18 /* Products */,
			);
			sourceTree = "<group>";
		};
		179341012D91874300CDBF18 /* Products */ = {
			isa = PBXGroup;
			children = (
				179341002D91874300CDBF18 /* PokerCardRecognizer.app */,
				179341152D91874400CDBF18 /* PokerCardRecognizerTests.xctest */,
				1793411F2D91874400CDBF18 /* PokerCardRecognizerUITests.xctest */,
			);
			name = Products;
			sourceTree = "<group>";
		};
/* End PBXGroup section */

/* Begin PBXNativeTarget section */
		179340FF2D91874300CDBF18 /* PokerCardRecognizer */ = {
			isa = PBXNativeTarget;
			buildConfigurationList = 179341292D91874500CDBF18 /* Build configuration list for PBXNativeTarget "PokerCardRecognizer" */;
			buildPhases = (
				179340FC2D91874300CDBF18 /* Sources */,
				179340FD2D91874300CDBF18 /* Frameworks */,
				179340FE2D91874300CDBF18 /* Resources */,
			);
			buildRules = (
			);
			dependencies = (
			);
			fileSystemSynchronizedGroups = (
				179341022D91874300CDBF18 /* PokerCardRecognizer */,
			);
			name = PokerCardRecognizer;
			packageProductDependencies = (
			);
			productName = PokerCardRecognizer;
			productReference = 179341002D91874300CDBF18 /* PokerCardRecognizer.app */;
			productType = "com.apple.product-type.application";
		};
		179341142D91874400CDBF18 /* PokerCardRecognizerTests */ = {
			isa = PBXNativeTarget;
			buildConfigurationList = 1793412C2D91874500CDBF18 /* Build configuration list for PBXNativeTarget "PokerCardRecognizerTests" */;
			buildPhases = (
				179341112D91874400CDBF18 /* Sources */,
				179341122D91874400CDBF18 /* Frameworks */,
				179341132D91874400CDBF18 /* Resources */,
			);
			buildRules = (
			);
			dependencies = (
				179341172D91874400CDBF18 /* PBXTargetDependency */,
			);
			fileSystemSynchronizedGroups = (
				179341182D91874400CDBF18 /* PokerCardRecognizerTests */,
			);
			name = PokerCardRecognizerTests;
			packageProductDependencies = (
			);
			productName = PokerCardRecognizerTests;
			productReference = 179341152D91874400CDBF18 /* PokerCardRecognizerTests.xctest */;
			productType = "com.apple.product-type.bundle.unit-test";
		};
		1793411E2D91874400CDBF18 /* PokerCardRecognizerUITests */ = {
			isa = PBXNativeTarget;
			buildConfigurationList = 1793412F2D91874500CDBF18 /* Build configuration list for PBXNativeTarget "PokerCardRecognizerUITests" */;
			buildPhases = (
				1793411B2D91874400CDBF18 /* Sources */,
				1793411C2D91874400CDBF18 /* Frameworks */,
				1793411D2D91874400CDBF18 /* Resources */,
			);
			buildRules = (
			);
			dependencies = (
				179341212D91874400CDBF18 /* PBXTargetDependency */,
			);
			fileSystemSynchronizedGroups = (
				179341222D91874400CDBF18 /* PokerCardRecognizerUITests */,
			);
			name = PokerCardRecognizerUITests;
			packageProductDependencies = (
			);
			productName = PokerCardRecognizerUITests;
			productReference = 1793411F2D91874400CDBF18 /* PokerCardRecognizerUITests.xctest */;
			productType = "com.apple.product-type.bundle.ui-testing";
		};
/* End PBXNativeTarget section */

/* Begin PBXProject section */
		179340F82D91874300CDBF18 /* Project object */ = {
			isa = PBXProject;
			attributes = {
				BuildIndependentTargetsInParallel = 1;
				LastSwiftUpdateCheck = 1620;
				LastUpgradeCheck = 2620;
				TargetAttributes = {
					179340FF2D91874300CDBF18 = {
						CreatedOnToolsVersion = 16.2;
					};
					179341142D91874400CDBF18 = {
						CreatedOnToolsVersion = 16.2;
						TestTargetID = 179340FF2D91874300CDBF18;
					};
					1793411E2D91874400CDBF18 = {
						CreatedOnToolsVersion = 16.2;
						TestTargetID = 179340FF2D91874300CDBF18;
					};
				};
			};
			buildConfigurationList = 179340FB2D91874300CDBF18 /* Build configuration list for PBXProject "PokerCardRecognizer" */;
			developmentRegion = en;
			hasScannedForEncodings = 0;
			knownRegions = (
				en,
				Base,
			);
			mainGroup = 179340F72D91874300CDBF18;
			minimizedProjectReferenceProxies = 1;
			preferredProjectObjectVersion = 77;
			productRefGroup = 179341012D91874300CDBF18 /* Products */;
			projectDirPath = "";
			projectRoot = "";
			targets = (
				179340FF2D91874300CDBF18 /* PokerCardRecognizer */,
				179341142D91874400CDBF18 /* PokerCardRecognizerTests */,
				1793411E2D91874400CDBF18 /* PokerCardRecognizerUITests */,
			);
		};
/* End PBXProject section */

/* Begin PBXResourcesBuildPhase section */
		179340FE2D91874300CDBF18 /* Resources */ = {
			isa = PBXResourcesBuildPhase;
			buildActionMask = 2147483647;
			files = (
			);
			runOnlyForDeploymentPostprocessing = 0;
		};
		179341132D91874400CDBF18 /* Resources */ = {
			isa = PBXResourcesBuildPhase;
			buildActionMask = 2147483647;
			files = (
			);
			runOnlyForDeploymentPostprocessing = 0;
		};
		1793411D2D91874400CDBF18 /* Resources */ = {
			isa = PBXResourcesBuildPhase;
			buildActionMask = 2147483647;
			files = (
			);
			runOnlyForDeploymentPostprocessing = 0;
		};
/* End PBXResourcesBuildPhase section */

/* Begin PBXSourcesBuildPhase section */
		179340FC2D91874300CDBF18 /* Sources */ = {
			isa = PBXSourcesBuildPhase;
			buildActionMask = 2147483647;
			files = (
			);
			runOnlyForDeploymentPostprocessing = 0;
		};
		179341112D91874400CDBF18 /* Sources */ = {
			isa = PBXSourcesBuildPhase;
			buildActionMask = 2147483647;
			files = (
			);
			runOnlyForDeploymentPostprocessing = 0;
		};
		1793411B2D91874400CDBF18 /* Sources */ = {
			isa = PBXSourcesBuildPhase;
			buildActionMask = 2147483647;
			files = (
			);
			runOnlyForDeploymentPostprocessing = 0;
		};
/* End PBXSourcesBuildPhase section */

/* Begin PBXTargetDependency section */
		179341172D91874400CDBF18 /* PBXTargetDependency */ = {
			isa = PBXTargetDependency;
			target = 179340FF2D91874300CDBF18 /* PokerCardRecognizer */;
			targetProxy = 179341162D91874400CDBF18 /* PBXContainerItemProxy */;
		};
		179341212D91874400CDBF18 /* PBXTargetDependency */ = {
			isa = PBXTargetDependency;
			target = 179340FF2D91874300CDBF18 /* PokerCardRecognizer */;
			targetProxy = 179341202D91874400CDBF18 /* PBXContainerItemProxy */;
		};
/* End PBXTargetDependency section */

/* Begin XCBuildConfiguration section */
		179341272D91874500CDBF18 /* Debug */ = {
			isa = XCBuildConfiguration;
			buildSettings = {
				ALWAYS_SEARCH_USER_PATHS = NO;
				ASSETCATALOG_COMPILER_GENERATE_SWIFT_ASSET_SYMBOL_EXTENSIONS = YES;
				CLANG_ANALYZER_NONNULL = YES;
				CLANG_ANALYZER_NUMBER_OBJECT_CONVERSION = YES_AGGRESSIVE;
				CLANG_CXX_LANGUAGE_STANDARD = "gnu++20";
				CLANG_ENABLE_MODULES = YES;
				CLANG_ENABLE_OBJC_ARC = YES;
				CLANG_ENABLE_OBJC_WEAK = YES;
				CLANG_WARN_BLOCK_CAPTURE_AUTORELEASING = YES;
				CLANG_WARN_BOOL_CONVERSION = YES;
				CLANG_WARN_COMMA = YES;
				CLANG_WARN_CONSTANT_CONVERSION = YES;
				CLANG_WARN_DEPRECATED_OBJC_IMPLEMENTATIONS = YES;
				CLANG_WARN_DIRECT_OBJC_ISA_USAGE = YES_ERROR;
				CLANG_WARN_DOCUMENTATION_COMMENTS = YES;
				CLANG_WARN_EMPTY_BODY = YES;
				CLANG_WARN_ENUM_CONVERSION = YES;
				CLANG_WARN_INFINITE_RECURSION = YES;
				CLANG_WARN_INT_CONVERSION = YES;
				CLANG_WARN_NON_LITERAL_NULL_CONVERSION = YES;
				CLANG_WARN_OBJC_IMPLICIT_RETAIN_SELF = YES;
				CLANG_WARN_OBJC_LITERAL_CONVERSION = YES;
				CLANG_WARN_OBJC_ROOT_CLASS = YES_ERROR;
				CLANG_WARN_QUOTED_INCLUDE_IN_FRAMEWORK_HEADER = YES;
				CLANG_WARN_RANGE_LOOP_ANALYSIS = YES;
				CLANG_WARN_STRICT_PROTOTYPES = YES;
				CLANG_WARN_SUSPICIOUS_MOVE = YES;
				CLANG_WARN_UNGUARDED_AVAILABILITY = YES_AGGRESSIVE;
				CLANG_WARN_UNREACHABLE_CODE = YES;
				CLANG_WARN__DUPLICATE_METHOD_MATCH = YES;
				COPY_PHASE_STRIP = NO;
				DEBUG_INFORMATION_FORMAT = dwarf;
				DEVELOPMENT_TEAM = HDMKFW79LT;
				ENABLE_STRICT_OBJC_MSGSEND = YES;
				ENABLE_TESTABILITY = YES;
				ENABLE_USER_SCRIPT_SANDBOXING = YES;
				GCC_C_LANGUAGE_STANDARD = gnu17;
				GCC_DYNAMIC_NO_PIC = NO;
				GCC_NO_COMMON_BLOCKS = YES;
				GCC_OPTIMIZATION_LEVEL = 0;
				GCC_PREPROCESSOR_DEFINITIONS = (
					"DEBUG=1",
					"$(inherited)",
				);
				GCC_WARN_64_TO_32_BIT_CONVERSION = YES;
				GCC_WARN_ABOUT_RETURN_TYPE = YES_ERROR;
				GCC_WARN_UNDECLARED_SELECTOR = YES;
				GCC_WARN_UNINITIALIZED_AUTOS = YES_AGGRESSIVE;
				GCC_WARN_UNUSED_FUNCTION = YES;
				GCC_WARN_UNUSED_VARIABLE = YES;
				IPHONEOS_DEPLOYMENT_TARGET = 18.2;
				LOCALIZATION_PREFERS_STRING_CATALOGS = YES;
				MTL_ENABLE_DEBUG_INFO = INCLUDE_SOURCE;
				MTL_FAST_MATH = YES;
				ONLY_ACTIVE_ARCH = YES;
				SDKROOT = iphoneos;
				STRING_CATALOG_GENERATE_SYMBOLS = YES;
				SWIFT_ACTIVE_COMPILATION_CONDITIONS = "DEBUG $(inherited)";
				SWIFT_OPTIMIZATION_LEVEL = "-Onone";
			};
			name = Debug;
		};
		179341282D91874500CDBF18 /* Release */ = {
			isa = XCBuildConfiguration;
			buildSettings = {
				ALWAYS_SEARCH_USER_PATHS = NO;
				ASSETCATALOG_COMPILER_GENERATE_SWIFT_ASSET_SYMBOL_EXTENSIONS = YES;
				CLANG_ANALYZER_NONNULL = YES;
				CLANG_ANALYZER_NUMBER_OBJECT_CONVERSION = YES_AGGRESSIVE;
				CLANG_CXX_LANGUAGE_STANDARD = "gnu++20";
				CLANG_ENABLE_MODULES = YES;
				CLANG_ENABLE_OBJC_ARC = YES;
				CLANG_ENABLE_OBJC_WEAK = YES;
				CLANG_WARN_BLOCK_CAPTURE_AUTORELEASING = YES;
				CLANG_WARN_BOOL_CONVERSION = YES;
				CLANG_WARN_COMMA = YES;
				CLANG_WARN_CONSTANT_CONVERSION = YES;
				CLANG_WARN_DEPRECATED_OBJC_IMPLEMENTATIONS = YES;
				CLANG_WARN_DIRECT_OBJC_ISA_USAGE = YES_ERROR;
				CLANG_WARN_DOCUMENTATION_COMMENTS = YES;
				CLANG_WARN_EMPTY_BODY = YES;
				CLANG_WARN_ENUM_CONVERSION = YES;
				CLANG_WARN_INFINITE_RECURSION = YES;
				CLANG_WARN_INT_CONVERSION = YES;
				CLANG_WARN_NON_LITERAL_NULL_CONVERSION = YES;
				CLANG_WARN_OBJC_IMPLICIT_RETAIN_SELF = YES;
				CLANG_WARN_OBJC_LITERAL_CONVERSION = YES;
				CLANG_WARN_OBJC_ROOT_CLASS = YES_ERROR;
				CLANG_WARN_QUOTED_INCLUDE_IN_FRAMEWORK_HEADER = YES;
				CLANG_WARN_RANGE_LOOP_ANALYSIS = YES;
				CLANG_WARN_STRICT_PROTOTYPES = YES;
				CLANG_WARN_SUSPICIOUS_MOVE = YES;
				CLANG_WARN_UNGUARDED_AVAILABILITY = YES_AGGRESSIVE;
				CLANG_WARN_UNREACHABLE_CODE = YES;
				CLANG_WARN__DUPLICATE_METHOD_MATCH = YES;
				COPY_PHASE_STRIP = NO;
				DEBUG_INFORMATION_FORMAT = "dwarf-with-dsym";
				DEVELOPMENT_TEAM = HDMKFW79LT;
				ENABLE_NS_ASSERTIONS = NO;
				ENABLE_STRICT_OBJC_MSGSEND = YES;
				ENABLE_USER_SCRIPT_SANDBOXING = YES;
				GCC_C_LANGUAGE_STANDARD = gnu17;
				GCC_NO_COMMON_BLOCKS = YES;
				GCC_WARN_64_TO_32_BIT_CONVERSION = YES;
				GCC_WARN_ABOUT_RETURN_TYPE = YES_ERROR;
				GCC_WARN_UNDECLARED_SELECTOR = YES;
				GCC_WARN_UNINITIALIZED_AUTOS = YES_AGGRESSIVE;
				GCC_WARN_UNUSED_FUNCTION = YES;
				GCC_WARN_UNUSED_VARIABLE = YES;
				IPHONEOS_DEPLOYMENT_TARGET = 18.2;
				LOCALIZATION_PREFERS_STRING_CATALOGS = YES;
				MTL_ENABLE_DEBUG_INFO = NO;
				MTL_FAST_MATH = YES;
				SDKROOT = iphoneos;
				STRING_CATALOG_GENERATE_SYMBOLS = YES;
				SWIFT_COMPILATION_MODE = wholemodule;
				VALIDATE_PRODUCT = YES;
			};
			name = Release;
		};
		1793412A2D91874500CDBF18 /* Debug */ = {
			isa = XCBuildConfiguration;
			buildSettings = {
				ASSETCATALOG_COMPILER_APPICON_NAME = AppIcon;
				ASSETCATALOG_COMPILER_GLOBAL_ACCENT_COLOR_NAME = AccentColor;
				ASSETCATALOG_COMPILER_INCLUDE_ALL_APPICON_ASSETS = YES;
				CODE_SIGN_STYLE = Automatic;
				CURRENT_PROJECT_VERSION = 1;
				DEVELOPMENT_ASSET_PATHS = "\"PokerCardRecognizer/Preview Content\"";
				ENABLE_PREVIEWS = YES;
				GENERATE_INFOPLIST_FILE = NO;
				INFOPLIST_FILE = PokerCardRecognizer/SupportingFiles/Info.plist;
				INFOPLIST_KEY_NSCameraUsageDescription = "Приложению нужен доступ к камере для распознавания карт";
				INFOPLIST_KEY_UIApplicationSceneManifest_Generation = YES;
				INFOPLIST_KEY_UIApplicationSupportsIndirectInputEvents = YES;
				INFOPLIST_KEY_UILaunchScreen_Generation = YES;
				INFOPLIST_KEY_UISupportedInterfaceOrientations_iPad = "UIInterfaceOrientationPortrait UIInterfaceOrientationPortraitUpsideDown UIInterfaceOrientationLandscapeLeft UIInterfaceOrientationLandscapeRight";
				INFOPLIST_KEY_UISupportedInterfaceOrientations_iPhone = "UIInterfaceOrientationPortrait UIInterfaceOrientationLandscapeLeft UIInterfaceOrientationLandscapeRight";
				LD_RUNPATH_SEARCH_PATHS = (
					"$(inherited)",
					"@executable_path/Frameworks",
				);
				LIBRARY_SEARCH_PATHS = (
					"$(inherited)",
					"$(PROJECT_DIR)/PokerCardRecognizer/ML/yolovenv/lib/python3.11/site-packages/PIL/.dylibs",
					"$(PROJECT_DIR)/PokerCardRecognizer/ML/yolovenv/lib/python3.11/site-packages/numpy/_core/lib",
					"$(PROJECT_DIR)/PokerCardRecognizer/ML/yolovenv/lib/python3.11/site-packages/numpy/random/lib",
					"$(PROJECT_DIR)/PokerCardRecognizer/ML/yolovenv/lib/python3.11/site-packages/scipy/special",
					"$(PROJECT_DIR)/PokerCardRecognizer/ML/yolovenv/lib/python3.11/site-packages/scipy/.dylibs",
					"$(PROJECT_DIR)/PokerCardRecognizer/ML/yolovenv/lib/python3.11/site-packages/cv2/.dylibs",
					"$(PROJECT_DIR)/PokerCardRecognizer/ML/yolovenv/lib/python3.11/site-packages/torch/lib",
					"$(PROJECT_DIR)/PokerCardRecognizer/ML/yolovenv/lib/python3.11/site-packages/torchvision/.dylibs",
					"$(PROJECT_DIR)/PokerCardRecognizer/ML/yolovenv/lib/python3.11/site-packages/google/_upb",
					"$(PROJECT_DIR)/PokerCardRecognizer/ML/yolovenv/lib/python3.11/site-packages/onnxruntime/capi",
					"$(PROJECT_DIR)/PokerCardRecognizer/ML/yolovenv/lib/python3.11/site-packages/coremltools",
				);
				MARKETING_VERSION = 1.0;
				PRODUCT_BUNDLE_IDENTIFIER = com.nicolascooper.PokerCardRecognizer;
				PRODUCT_NAME = "$(TARGET_NAME)";
				SWIFT_EMIT_LOC_STRINGS = YES;
				SWIFT_VERSION = 5.0;
				TARGETED_DEVICE_FAMILY = "1,2";
			};
			name = Debug;
		};
		1793412B2D91874500CDBF18 /* Release */ = {
			isa = XCBuildConfiguration;
			buildSettings = {
				ASSETCATALOG_COMPILER_APPICON_NAME = AppIcon;
				ASSETCATALOG_COMPILER_GLOBAL_ACCENT_COLOR_NAME = AccentColor;
				ASSETCATALOG_COMPILER_INCLUDE_ALL_APPICON_ASSETS = YES;
				CODE_SIGN_STYLE = Automatic;
				CURRENT_PROJECT_VERSION = 1;
				DEVELOPMENT_ASSET_PATHS = "\"PokerCardRecognizer/Preview Content\"";
				ENABLE_PREVIEWS = YES;
				GENERATE_INFOPLIST_FILE = NO;
				INFOPLIST_FILE = PokerCardRecognizer/SupportingFiles/Info.plist;
				INFOPLIST_KEY_NSCameraUsageDescription = "Приложению нужен доступ к камере для распознавания карт";
				INFOPLIST_KEY_UIApplicationSceneManifest_Generation = YES;
				INFOPLIST_KEY_UIApplicationSupportsIndirectInputEvents = YES;
				INFOPLIST_KEY_UILaunchScreen_Generation = YES;
				INFOPLIST_KEY_UISupportedInterfaceOrientations_iPad = "UIInterfaceOrientationPortrait UIInterfaceOrientationPortraitUpsideDown UIInterfaceOrientationLandscapeLeft UIInterfaceOrientationLandscapeRight";
				INFOPLIST_KEY_UISupportedInterfaceOrientations_iPhone = "UIInterfaceOrientationPortrait UIInterfaceOrientationLandscapeLeft UIInterfaceOrientationLandscapeRight";
				LD_RUNPATH_SEARCH_PATHS = (
					"$(inherited)",
					"@executable_path/Frameworks",
				);
				LIBRARY_SEARCH_PATHS = (
					"$(inherited)",
					"$(PROJECT_DIR)/PokerCardRecognizer/ML/yolovenv/lib/python3.11/site-packages/PIL/.dylibs",
					"$(PROJECT_DIR)/PokerCardRecognizer/ML/yolovenv/lib/python3.11/site-packages/numpy/_core/lib",
					"$(PROJECT_DIR)/PokerCardRecognizer/ML/yolovenv/lib/python3.11/site-packages/numpy/random/lib",
					"$(PROJECT_DIR)/PokerCardRecognizer/ML/yolovenv/lib/python3.11/site-packages/scipy/special",
					"$(PROJECT_DIR)/PokerCardRecognizer/ML/yolovenv/lib/python3.11/site-packages/scipy/.dylibs",
					"$(PROJECT_DIR)/PokerCardRecognizer/ML/yolovenv/lib/python3.11/site-packages/cv2/.dylibs",
					"$(PROJECT_DIR)/PokerCardRecognizer/ML/yolovenv/lib/python3.11/site-packages/torch/lib",
					"$(PROJECT_DIR)/PokerCardRecognizer/ML/yolovenv/lib/python3.11/site-packages/torchvision/.dylibs",
					"$(PROJECT_DIR)/PokerCardRecognizer/ML/yolovenv/lib/python3.11/site-packages/google/_upb",
					"$(PROJECT_DIR)/PokerCardRecognizer/ML/yolovenv/lib/python3.11/site-packages/onnxruntime/capi",
					"$(PROJECT_DIR)/PokerCardRecognizer/ML/yolovenv/lib/python3.11/site-packages/coremltools",
				);
				MARKETING_VERSION = 1.0;
				PRODUCT_BUNDLE_IDENTIFIER = com.nicolascooper.PokerCardRecognizer;
				PRODUCT_NAME = "$(TARGET_NAME)";
				SWIFT_EMIT_LOC_STRINGS = YES;
				SWIFT_VERSION = 5.0;
				TARGETED_DEVICE_FAMILY = "1,2";
			};
			name = Release;
		};
		1793412D2D91874500CDBF18 /* Debug */ = {
			isa = XCBuildConfiguration;
			buildSettings = {
				BUNDLE_LOADER = "$(TEST_HOST)";
				CODE_SIGN_STYLE = Automatic;
				CURRENT_PROJECT_VERSION = 1;
				GENERATE_INFOPLIST_FILE = YES;
				IPHONEOS_DEPLOYMENT_TARGET = 18.2;
				MARKETING_VERSION = 1.0;
				PRODUCT_BUNDLE_IDENTIFIER = com.nicolascooper.PokerCardRecognizerTests;
				PRODUCT_NAME = "$(TARGET_NAME)";
				SWIFT_EMIT_LOC_STRINGS = NO;
				SWIFT_VERSION = 5.0;
				TARGETED_DEVICE_FAMILY = "1,2";
				TEST_HOST = "$(BUILT_PRODUCTS_DIR)/PokerCardRecognizer.app/$(BUNDLE_EXECUTABLE_FOLDER_PATH)/PokerCardRecognizer";
			};
			name = Debug;
		};
		1793412E2D91874500CDBF18 /* Release */ = {
			isa = XCBuildConfiguration;
			buildSettings = {
				BUNDLE_LOADER = "$(TEST_HOST)";
				CODE_SIGN_STYLE = Automatic;
				CURRENT_PROJECT_VERSION = 1;
				GENERATE_INFOPLIST_FILE = YES;
				IPHONEOS_DEPLOYMENT_TARGET = 18.2;
				MARKETING_VERSION = 1.0;
				PRODUCT_BUNDLE_IDENTIFIER = com.nicolascooper.PokerCardRecognizerTests;
				PRODUCT_NAME = "$(TARGET_NAME)";
				SWIFT_EMIT_LOC_STRINGS = NO;
				SWIFT_VERSION = 5.0;
				TARGETED_DEVICE_FAMILY = "1,2";
				TEST_HOST = "$(BUILT_PRODUCTS_DIR)/PokerCardRecognizer.app/$(BUNDLE_EXECUTABLE_FOLDER_PATH)/PokerCardRecognizer";
			};
			name = Release;
		};
		179341302D91874500CDBF18 /* Debug */ = {
			isa = XCBuildConfiguration;
			buildSettings = {
				CODE_SIGN_STYLE = Automatic;
				CURRENT_PROJECT_VERSION = 1;
				GENERATE_INFOPLIST_FILE = YES;
				MARKETING_VERSION = 1.0;
				PRODUCT_BUNDLE_IDENTIFIER = com.nicolascooper.PokerCardRecognizerUITests;
				PRODUCT_NAME = "$(TARGET_NAME)";
				SWIFT_EMIT_LOC_STRINGS = NO;
				SWIFT_VERSION = 5.0;
				TARGETED_DEVICE_FAMILY = "1,2";
				TEST_TARGET_NAME = PokerCardRecognizer;
			};
			name = Debug;
		};
		179341312D91874500CDBF18 /* Release */ = {
			isa = XCBuildConfiguration;
			buildSettings = {
				CODE_SIGN_STYLE = Automatic;
				CURRENT_PROJECT_VERSION = 1;
				GENERATE_INFOPLIST_FILE = YES;
				MARKETING_VERSION = 1.0;
				PRODUCT_BUNDLE_IDENTIFIER = com.nicolascooper.PokerCardRecognizerUITests;
				PRODUCT_NAME = "$(TARGET_NAME)";
				SWIFT_EMIT_LOC_STRINGS = NO;
				SWIFT_VERSION = 5.0;
				TARGETED_DEVICE_FAMILY = "1,2";
				TEST_TARGET_NAME = PokerCardRecognizer;
			};
			name = Release;
		};
/* End XCBuildConfiguration section */

/* Begin XCConfigurationList section */
		179340FB2D91874300CDBF18 /* Build configuration list for PBXProject "PokerCardRecognizer" */ = {
			isa = XCConfigurationList;
			buildConfigurations = (
				179341272D91874500CDBF18 /* Debug */,
				179341282D91874500CDBF18 /* Release */,
			);
			defaultConfigurationIsVisible = 0;
			defaultConfigurationName = Release;
		};
		179341292D91874500CDBF18 /* Build configuration list for PBXNativeTarget "PokerCardRecognizer" */ = {
			isa = XCConfigurationList;
			buildConfigurations = (
				1793412A2D91874500CDBF18 /* Debug */,
				1793412B2D91874500CDBF18 /* Release */,
			);
			defaultConfigurationIsVisible = 0;
			defaultConfigurationName = Release;
		};
		1793412C2D91874500CDBF18 /* Build configuration list for PBXNativeTarget "PokerCardRecognizerTests" */ = {
			isa = XCConfigurationList;
			buildConfigurations = (
				1793412D2D91874500CDBF18 /* Debug */,
				1793412E2D91874500CDBF18 /* Release */,
			);
			defaultConfigurationIsVisible = 0;
			defaultConfigurationName = Release;
		};
		1793412F2D91874500CDBF18 /* Build configuration list for PBXNativeTarget "PokerCardRecognizerUITests" */ = {
			isa = XCConfigurationList;
			buildConfigurations = (
				179341302D91874500CDBF18 /* Debug */,
				179341312D91874500CDBF18 /* Release */,
			);
			defaultConfigurationIsVisible = 0;
			defaultConfigurationName = Release;
		};
/* End XCConfigurationList section */
	};
	rootObject = 179340F82D91874300CDBF18 /* Project object */;
}
